// !$*UTF8*$!
{
	archiveVersion = 1;
	classes = {
	};
	objectVersion = 50;
	objects = {

/* Begin PBXBuildFile section */
		8105A802238282E900035C86 /* HomeViewModel.swift in Sources */ = {isa = PBXBuildFile; fileRef = 8105A801238282E900035C86 /* HomeViewModel.swift */; };
		8105A804238282FA00035C86 /* DetailViewModel.swift in Sources */ = {isa = PBXBuildFile; fileRef = 8105A803238282FA00035C86 /* DetailViewModel.swift */; };
		8105A8062382830600035C86 /* DetailViewController.swift in Sources */ = {isa = PBXBuildFile; fileRef = 8105A8052382830600035C86 /* DetailViewController.swift */; };
		8105A80A23829B4F00035C86 /* AVVideoPlayer.swift in Sources */ = {isa = PBXBuildFile; fileRef = 8105A80923829B4F00035C86 /* AVVideoPlayer.swift */; };
		81148C4F23839FFC00CE199D /* DownloadThumNail.swift in Sources */ = {isa = PBXBuildFile; fileRef = 81148C4E23839FFC00CE199D /* DownloadThumNail.swift */; };
		81148C512383C4E700CE199D /* ThumbNailView.swift in Sources */ = {isa = PBXBuildFile; fileRef = 81148C502383C4E700CE199D /* ThumbNailView.swift */; };
		81148C532383C75000CE199D /* ThumbNailCell.swift in Sources */ = {isa = PBXBuildFile; fileRef = 81148C522383C75000CE199D /* ThumbNailCell.swift */; };
		81148C552383CA4F00CE199D /* ThumbNailModel.swift in Sources */ = {isa = PBXBuildFile; fileRef = 81148C542383CA4F00CE199D /* ThumbNailModel.swift */; };
		81148C572383EAC600CE199D /* ThumbNailViewModel.swift in Sources */ = {isa = PBXBuildFile; fileRef = 81148C562383EAC600CE199D /* ThumbNailViewModel.swift */; };
		81148C5923841F8600CE199D /* AVPlayerController.swift in Sources */ = {isa = PBXBuildFile; fileRef = 81148C5823841F8600CE199D /* AVPlayerController.swift */; };
		81148C5C23844B0300CE199D /* Videos.json in Resources */ = {isa = PBXBuildFile; fileRef = 81148C5B23844B0300CE199D /* Videos.json */; };
		81B1B72323827C7100DC8BDB /* AppDelegate.swift in Sources */ = {isa = PBXBuildFile; fileRef = 81B1B72223827C7100DC8BDB /* AppDelegate.swift */; };
		81B1B72523827C7100DC8BDB /* SceneDelegate.swift in Sources */ = {isa = PBXBuildFile; fileRef = 81B1B72423827C7100DC8BDB /* SceneDelegate.swift */; };
		81B1B72723827C7100DC8BDB /* HomeViewController.swift in Sources */ = {isa = PBXBuildFile; fileRef = 81B1B72623827C7100DC8BDB /* HomeViewController.swift */; };
		81B1B72A23827C7100DC8BDB /* Main.storyboard in Resources */ = {isa = PBXBuildFile; fileRef = 81B1B72823827C7100DC8BDB /* Main.storyboard */; };
		81B1B72C23827C7300DC8BDB /* Assets.xcassets in Resources */ = {isa = PBXBuildFile; fileRef = 81B1B72B23827C7300DC8BDB /* Assets.xcassets */; };
		81B1B72F23827C7300DC8BDB /* LaunchScreen.storyboard in Resources */ = {isa = PBXBuildFile; fileRef = 81B1B72D23827C7300DC8BDB /* LaunchScreen.storyboard */; };
		81B1B73A23827C7400DC8BDB /* VideoStreamingTests.swift in Sources */ = {isa = PBXBuildFile; fileRef = 81B1B73923827C7400DC8BDB /* VideoStreamingTests.swift */; };
		81E17AFC23856FBA00C68CAB /* Reachability.swift in Sources */ = {isa = PBXBuildFile; fileRef = 81E17AFB23856FBA00C68CAB /* Reachability.swift */; };
/* End PBXBuildFile section */

/* Begin PBXContainerItemProxy section */
		81B1B73623827C7400DC8BDB /* PBXContainerItemProxy */ = {
			isa = PBXContainerItemProxy;
			containerPortal = 81B1B71723827C7100DC8BDB /* Project object */;
			proxyType = 1;
			remoteGlobalIDString = 81B1B71E23827C7100DC8BDB;
			remoteInfo = VideoStreaming;
		};
/* End PBXContainerItemProxy section */

/* Begin PBXFileReference section */
		8105A801238282E900035C86 /* HomeViewModel.swift */ = {isa = PBXFileReference; lastKnownFileType = sourcecode.swift; path = HomeViewModel.swift; sourceTree = "<group>"; };
		8105A803238282FA00035C86 /* DetailViewModel.swift */ = {isa = PBXFileReference; lastKnownFileType = sourcecode.swift; path = DetailViewModel.swift; sourceTree = "<group>"; };
		8105A8052382830600035C86 /* DetailViewController.swift */ = {isa = PBXFileReference; lastKnownFileType = sourcecode.swift; path = DetailViewController.swift; sourceTree = "<group>"; };
		8105A80923829B4F00035C86 /* AVVideoPlayer.swift */ = {isa = PBXFileReference; lastKnownFileType = sourcecode.swift; path = AVVideoPlayer.swift; sourceTree = "<group>"; };
		81148C4E23839FFC00CE199D /* DownloadThumNail.swift */ = {isa = PBXFileReference; lastKnownFileType = sourcecode.swift; path = DownloadThumNail.swift; sourceTree = "<group>"; };
		81148C502383C4E700CE199D /* ThumbNailView.swift */ = {isa = PBXFileReference; lastKnownFileType = sourcecode.swift; path = ThumbNailView.swift; sourceTree = "<group>"; };
		81148C522383C75000CE199D /* ThumbNailCell.swift */ = {isa = PBXFileReference; lastKnownFileType = sourcecode.swift; path = ThumbNailCell.swift; sourceTree = "<group>"; };
		81148C542383CA4F00CE199D /* ThumbNailModel.swift */ = {isa = PBXFileReference; lastKnownFileType = sourcecode.swift; path = ThumbNailModel.swift; sourceTree = "<group>"; };
		81148C562383EAC600CE199D /* ThumbNailViewModel.swift */ = {isa = PBXFileReference; lastKnownFileType = sourcecode.swift; path = ThumbNailViewModel.swift; sourceTree = "<group>"; };
		81148C5823841F8600CE199D /* AVPlayerController.swift */ = {isa = PBXFileReference; lastKnownFileType = sourcecode.swift; path = AVPlayerController.swift; sourceTree = "<group>"; };
		81148C5B23844B0300CE199D /* Videos.json */ = {isa = PBXFileReference; fileEncoding = 4; lastKnownFileType = text.json; path = Videos.json; sourceTree = "<group>"; };
		81B1B71F23827C7100DC8BDB /* VideoStreaming.app */ = {isa = PBXFileReference; explicitFileType = wrapper.application; includeInIndex = 0; path = VideoStreaming.app; sourceTree = BUILT_PRODUCTS_DIR; };
		81B1B72223827C7100DC8BDB /* AppDelegate.swift */ = {isa = PBXFileReference; lastKnownFileType = sourcecode.swift; path = AppDelegate.swift; sourceTree = "<group>"; };
		81B1B72423827C7100DC8BDB /* SceneDelegate.swift */ = {isa = PBXFileReference; lastKnownFileType = sourcecode.swift; path = SceneDelegate.swift; sourceTree = "<group>"; };
		81B1B72623827C7100DC8BDB /* HomeViewController.swift */ = {isa = PBXFileReference; lastKnownFileType = sourcecode.swift; path = HomeViewController.swift; sourceTree = "<group>"; };
		81B1B72923827C7100DC8BDB /* Base */ = {isa = PBXFileReference; lastKnownFileType = file.storyboard; name = Base; path = Base.lproj/Main.storyboard; sourceTree = "<group>"; };
		81B1B72B23827C7300DC8BDB /* Assets.xcassets */ = {isa = PBXFileReference; lastKnownFileType = folder.assetcatalog; path = Assets.xcassets; sourceTree = "<group>"; };
		81B1B72E23827C7300DC8BDB /* Base */ = {isa = PBXFileReference; lastKnownFileType = file.storyboard; name = Base; path = Base.lproj/LaunchScreen.storyboard; sourceTree = "<group>"; };
		81B1B73023827C7300DC8BDB /* Info.plist */ = {isa = PBXFileReference; lastKnownFileType = text.plist.xml; path = Info.plist; sourceTree = "<group>"; };
		81B1B73523827C7400DC8BDB /* VideoStreamingTests.xctest */ = {isa = PBXFileReference; explicitFileType = wrapper.cfbundle; includeInIndex = 0; path = VideoStreamingTests.xctest; sourceTree = BUILT_PRODUCTS_DIR; };
		81B1B73923827C7400DC8BDB /* VideoStreamingTests.swift */ = {isa = PBXFileReference; lastKnownFileType = sourcecode.swift; path = VideoStreamingTests.swift; sourceTree = "<group>"; };
		81B1B73B23827C7400DC8BDB /* Info.plist */ = {isa = PBXFileReference; lastKnownFileType = text.plist.xml; path = Info.plist; sourceTree = "<group>"; };
		81E17AFB23856FBA00C68CAB /* Reachability.swift */ = {isa = PBXFileReference; lastKnownFileType = sourcecode.swift; path = Reachability.swift; sourceTree = "<group>"; };
/* End PBXFileReference section */

/* Begin PBXFrameworksBuildPhase section */
		81B1B71C23827C7100DC8BDB /* Frameworks */ = {
			isa = PBXFrameworksBuildPhase;
			buildActionMask = 2147483647;
			files = (
			);
			runOnlyForDeploymentPostprocessing = 0;
		};
		81B1B73223827C7400DC8BDB /* Frameworks */ = {
			isa = PBXFrameworksBuildPhase;
			buildActionMask = 2147483647;
			files = (
			);
			runOnlyForDeploymentPostprocessing = 0;
		};
/* End PBXFrameworksBuildPhase section */

/* Begin PBXGroup section */
		8105A7FF238282BE00035C86 /* ViewModel */ = {
			isa = PBXGroup;
			children = (
				8105A801238282E900035C86 /* HomeViewModel.swift */,
				8105A803238282FA00035C86 /* DetailViewModel.swift */,
				81148C562383EAC600CE199D /* ThumbNailViewModel.swift */,
			);
			path = ViewModel;
			sourceTree = "<group>";
		};
		8105A800238282CD00035C86 /* View */ = {
			isa = PBXGroup;
			children = (
				81B1B72623827C7100DC8BDB /* HomeViewController.swift */,
				8105A8052382830600035C86 /* DetailViewController.swift */,
				81148C502383C4E700CE199D /* ThumbNailView.swift */,
				81148C522383C75000CE199D /* ThumbNailCell.swift */,
			);
			path = View;
			sourceTree = "<group>";
		};
		8105A8072382833400035C86 /* Model */ = {
			isa = PBXGroup;
			children = (
				81148C542383CA4F00CE199D /* ThumbNailModel.swift */,
			);
			path = Model;
			sourceTree = "<group>";
		};
		8105A80823829B3C00035C86 /* Players */ = {
			isa = PBXGroup;
			children = (
				8105A80923829B4F00035C86 /* AVVideoPlayer.swift */,
				81148C5823841F8600CE199D /* AVPlayerController.swift */,
				81148C4E23839FFC00CE199D /* DownloadThumNail.swift */,
			);
			path = Players;
			sourceTree = "<group>";
		};
		81148C5A2384489800CE199D /* Resources */ = {
			isa = PBXGroup;
			children = (
				81148C5B23844B0300CE199D /* Videos.json */,
			);
			path = Resources;
			sourceTree = "<group>";
		};
		81B1B71623827C7100DC8BDB = {
			isa = PBXGroup;
			children = (
				81B1B72123827C7100DC8BDB /* VideoStreaming */,
				81B1B73823827C7400DC8BDB /* VideoStreamingTests */,
				81B1B72023827C7100DC8BDB /* Products */,
			);
			sourceTree = "<group>";
		};
		81B1B72023827C7100DC8BDB /* Products */ = {
			isa = PBXGroup;
			children = (
				81B1B71F23827C7100DC8BDB /* VideoStreaming.app */,
				81B1B73523827C7400DC8BDB /* VideoStreamingTests.xctest */,
			);
			name = Products;
			sourceTree = "<group>";
		};
		81B1B72123827C7100DC8BDB /* VideoStreaming */ = {
			isa = PBXGroup;
			children = (
				81E17AFA23856FAF00C68CAB /* Reachability */,
				81148C5A2384489800CE199D /* Resources */,
				8105A80823829B3C00035C86 /* Players */,
				8105A8072382833400035C86 /* Model */,
				8105A800238282CD00035C86 /* View */,
				8105A7FF238282BE00035C86 /* ViewModel */,
				81B1B72223827C7100DC8BDB /* AppDelegate.swift */,
				81B1B72423827C7100DC8BDB /* SceneDelegate.swift */,
				81B1B72823827C7100DC8BDB /* Main.storyboard */,
				81B1B72B23827C7300DC8BDB /* Assets.xcassets */,
				81B1B72D23827C7300DC8BDB /* LaunchScreen.storyboard */,
				81B1B73023827C7300DC8BDB /* Info.plist */,
			);
			path = VideoStreaming;
			sourceTree = "<group>";
		};
		81B1B73823827C7400DC8BDB /* VideoStreamingTests */ = {
			isa = PBXGroup;
			children = (
				81B1B73923827C7400DC8BDB /* VideoStreamingTests.swift */,
				81B1B73B23827C7400DC8BDB /* Info.plist */,
			);
			path = VideoStreamingTests;
			sourceTree = "<group>";
		};
		81E17AFA23856FAF00C68CAB /* Reachability */ = {
			isa = PBXGroup;
			children = (
				81E17AFB23856FBA00C68CAB /* Reachability.swift */,
			);
			path = Reachability;
			sourceTree = "<group>";
		};
/* End PBXGroup section */

/* Begin PBXNativeTarget section */
		81B1B71E23827C7100DC8BDB /* VideoStreaming */ = {
			isa = PBXNativeTarget;
			buildConfigurationList = 81B1B73E23827C7400DC8BDB /* Build configuration list for PBXNativeTarget "VideoStreaming" */;
			buildPhases = (
				81B1B71B23827C7100DC8BDB /* Sources */,
				81B1B71C23827C7100DC8BDB /* Frameworks */,
				81B1B71D23827C7100DC8BDB /* Resources */,
			);
			buildRules = (
			);
			dependencies = (
			);
			name = VideoStreaming;
			productName = VideoStreaming;
			productReference = 81B1B71F23827C7100DC8BDB /* VideoStreaming.app */;
			productType = "com.apple.product-type.application";
		};
		81B1B73423827C7400DC8BDB /* VideoStreamingTests */ = {
			isa = PBXNativeTarget;
			buildConfigurationList = 81B1B74123827C7400DC8BDB /* Build configuration list for PBXNativeTarget "VideoStreamingTests" */;
			buildPhases = (
				81B1B73123827C7400DC8BDB /* Sources */,
				81B1B73223827C7400DC8BDB /* Frameworks */,
				81B1B73323827C7400DC8BDB /* Resources */,
			);
			buildRules = (
			);
			dependencies = (
				81B1B73723827C7400DC8BDB /* PBXTargetDependency */,
			);
			name = VideoStreamingTests;
			productName = VideoStreamingTests;
			productReference = 81B1B73523827C7400DC8BDB /* VideoStreamingTests.xctest */;
			productType = "com.apple.product-type.bundle.unit-test";
		};
/* End PBXNativeTarget section */

/* Begin PBXProject section */
		81B1B71723827C7100DC8BDB /* Project object */ = {
			isa = PBXProject;
			attributes = {
				LastSwiftUpdateCheck = 1100;
				LastUpgradeCheck = 1100;
				ORGANIZATIONNAME = Radhachandan;
				TargetAttributes = {
					81B1B71E23827C7100DC8BDB = {
						CreatedOnToolsVersion = 11.0;
					};
					81B1B73423827C7400DC8BDB = {
						CreatedOnToolsVersion = 11.0;
						TestTargetID = 81B1B71E23827C7100DC8BDB;
					};
				};
			};
			buildConfigurationList = 81B1B71A23827C7100DC8BDB /* Build configuration list for PBXProject "VideoStreaming" */;
			compatibilityVersion = "Xcode 9.3";
			developmentRegion = en;
			hasScannedForEncodings = 0;
			knownRegions = (
				en,
				Base,
			);
			mainGroup = 81B1B71623827C7100DC8BDB;
			productRefGroup = 81B1B72023827C7100DC8BDB /* Products */;
			projectDirPath = "";
			projectRoot = "";
			targets = (
				81B1B71E23827C7100DC8BDB /* VideoStreaming */,
				81B1B73423827C7400DC8BDB /* VideoStreamingTests */,
			);
		};
/* End PBXProject section */

/* Begin PBXResourcesBuildPhase section */
		81B1B71D23827C7100DC8BDB /* Resources */ = {
			isa = PBXResourcesBuildPhase;
			buildActionMask = 2147483647;
			files = (
				81B1B72F23827C7300DC8BDB /* LaunchScreen.storyboard in Resources */,
				81148C5C23844B0300CE199D /* Videos.json in Resources */,
				81B1B72C23827C7300DC8BDB /* Assets.xcassets in Resources */,
				81B1B72A23827C7100DC8BDB /* Main.storyboard in Resources */,
			);
			runOnlyForDeploymentPostprocessing = 0;
		};
		81B1B73323827C7400DC8BDB /* Resources */ = {
			isa = PBXResourcesBuildPhase;
			buildActionMask = 2147483647;
			files = (
			);
			runOnlyForDeploymentPostprocessing = 0;
		};
/* End PBXResourcesBuildPhase section */

/* Begin PBXSourcesBuildPhase section */
		81B1B71B23827C7100DC8BDB /* Sources */ = {
			isa = PBXSourcesBuildPhase;
			buildActionMask = 2147483647;
			files = (
				81E17AFC23856FBA00C68CAB /* Reachability.swift in Sources */,
				8105A80A23829B4F00035C86 /* AVVideoPlayer.swift in Sources */,
				81B1B72723827C7100DC8BDB /* HomeViewController.swift in Sources */,
				81148C532383C75000CE199D /* ThumbNailCell.swift in Sources */,
				81B1B72323827C7100DC8BDB /* AppDelegate.swift in Sources */,
				81148C5923841F8600CE199D /* AVPlayerController.swift in Sources */,
				81148C552383CA4F00CE199D /* ThumbNailModel.swift in Sources */,
				81B1B72523827C7100DC8BDB /* SceneDelegate.swift in Sources */,
				81148C512383C4E700CE199D /* ThumbNailView.swift in Sources */,
				8105A8062382830600035C86 /* DetailViewController.swift in Sources */,
				8105A804238282FA00035C86 /* DetailViewModel.swift in Sources */,
				8105A802238282E900035C86 /* HomeViewModel.swift in Sources */,
				81148C4F23839FFC00CE199D /* DownloadThumNail.swift in Sources */,
				81148C572383EAC600CE199D /* ThumbNailViewModel.swift in Sources */,
			);
			runOnlyForDeploymentPostprocessing = 0;
		};
		81B1B73123827C7400DC8BDB /* Sources */ = {
			isa = PBXSourcesBuildPhase;
			buildActionMask = 2147483647;
			files = (
				81B1B73A23827C7400DC8BDB /* VideoStreamingTests.swift in Sources */,
			);
			runOnlyForDeploymentPostprocessing = 0;
		};
/* End PBXSourcesBuildPhase section */

/* Begin PBXTargetDependency section */
		81B1B73723827C7400DC8BDB /* PBXTargetDependency */ = {
			isa = PBXTargetDependency;
			target = 81B1B71E23827C7100DC8BDB /* VideoStreaming */;
			targetProxy = 81B1B73623827C7400DC8BDB /* PBXContainerItemProxy */;
		};
/* End PBXTargetDependency section */

/* Begin PBXVariantGroup section */
		81B1B72823827C7100DC8BDB /* Main.storyboard */ = {
			isa = PBXVariantGroup;
			children = (
				81B1B72923827C7100DC8BDB /* Base */,
			);
			name = Main.storyboard;
			sourceTree = "<group>";
		};
		81B1B72D23827C7300DC8BDB /* LaunchScreen.storyboard */ = {
			isa = PBXVariantGroup;
			children = (
				81B1B72E23827C7300DC8BDB /* Base */,
			);
			name = LaunchScreen.storyboard;
			sourceTree = "<group>";
		};
/* End PBXVariantGroup section */

/* Begin XCBuildConfiguration section */
		81B1B73C23827C7400DC8BDB /* Debug */ = {
			isa = XCBuildConfiguration;
			buildSettings = {
				ALWAYS_SEARCH_USER_PATHS = NO;
				CLANG_ANALYZER_NONNULL = YES;
				CLANG_ANALYZER_NUMBER_OBJECT_CONVERSION = YES_AGGRESSIVE;
				CLANG_CXX_LANGUAGE_STANDARD = "gnu++14";
				CLANG_CXX_LIBRARY = "libc++";
				CLANG_ENABLE_MODULES = YES;
				CLANG_ENABLE_OBJC_ARC = YES;
				CLANG_ENABLE_OBJC_WEAK = YES;
				CLANG_WARN_BLOCK_CAPTURE_AUTORELEASING = YES;
				CLANG_WARN_BOOL_CONVERSION = YES;
				CLANG_WARN_COMMA = YES;
				CLANG_WARN_CONSTANT_CONVERSION = YES;
				CLANG_WARN_DEPRECATED_OBJC_IMPLEMENTATIONS = YES;
				CLANG_WARN_DIRECT_OBJC_ISA_USAGE = YES_ERROR;
				CLANG_WARN_DOCUMENTATION_COMMENTS = YES;
				CLANG_WARN_EMPTY_BODY = YES;
				CLANG_WARN_ENUM_CONVERSION = YES;
				CLANG_WARN_INFINITE_RECURSION = YES;
				CLANG_WARN_INT_CONVERSION = YES;
				CLANG_WARN_NON_LITERAL_NULL_CONVERSION = YES;
				CLANG_WARN_OBJC_IMPLICIT_RETAIN_SELF = YES;
				CLANG_WARN_OBJC_LITERAL_CONVERSION = YES;
				CLANG_WARN_OBJC_ROOT_CLASS = YES_ERROR;
				CLANG_WARN_RANGE_LOOP_ANALYSIS = YES;
				CLANG_WARN_STRICT_PROTOTYPES = YES;
				CLANG_WARN_SUSPICIOUS_MOVE = YES;
				CLANG_WARN_UNGUARDED_AVAILABILITY = YES_AGGRESSIVE;
				CLANG_WARN_UNREACHABLE_CODE = YES;
				CLANG_WARN__DUPLICATE_METHOD_MATCH = YES;
				COPY_PHASE_STRIP = NO;
				DEBUG_INFORMATION_FORMAT = dwarf;
				ENABLE_STRICT_OBJC_MSGSEND = YES;
				ENABLE_TESTABILITY = YES;
				GCC_C_LANGUAGE_STANDARD = gnu11;
				GCC_DYNAMIC_NO_PIC = NO;
				GCC_NO_COMMON_BLOCKS = YES;
				GCC_OPTIMIZATION_LEVEL = 0;
				GCC_PREPROCESSOR_DEFINITIONS = (
					"DEBUG=1",
					"$(inherited)",
				);
				GCC_WARN_64_TO_32_BIT_CONVERSION = YES;
				GCC_WARN_ABOUT_RETURN_TYPE = YES_ERROR;
				GCC_WARN_UNDECLARED_SELECTOR = YES;
				GCC_WARN_UNINITIALIZED_AUTOS = YES_AGGRESSIVE;
				GCC_WARN_UNUSED_FUNCTION = YES;
				GCC_WARN_UNUSED_VARIABLE = YES;
				IPHONEOS_DEPLOYMENT_TARGET = 13.0;
				MTL_ENABLE_DEBUG_INFO = INCLUDE_SOURCE;
				MTL_FAST_MATH = YES;
				ONLY_ACTIVE_ARCH = YES;
				SDKROOT = iphoneos;
				SWIFT_ACTIVE_COMPILATION_CONDITIONS = DEBUG;
				SWIFT_OPTIMIZATION_LEVEL = "-Onone";
			};
			name = Debug;
		};
		81B1B73D23827C7400DC8BDB /* Release */ = {
			isa = XCBuildConfiguration;
			buildSettings = {
				ALWAYS_SEARCH_USER_PATHS = NO;
				CLANG_ANALYZER_NONNULL = YES;
				CLANG_ANALYZER_NUMBER_OBJECT_CONVERSION = YES_AGGRESSIVE;
				CLANG_CXX_LANGUAGE_STANDARD = "gnu++14";
				CLANG_CXX_LIBRARY = "libc++";
				CLANG_ENABLE_MODULES = YES;
				CLANG_ENABLE_OBJC_ARC = YES;
				CLANG_ENABLE_OBJC_WEAK = YES;
				CLANG_WARN_BLOCK_CAPTURE_AUTORELEASING = YES;
				CLANG_WARN_BOOL_CONVERSION = YES;
				CLANG_WARN_COMMA = YES;
				CLANG_WARN_CONSTANT_CONVERSION = YES;
				CLANG_WARN_DEPRECATED_OBJC_IMPLEMENTATIONS = YES;
				CLANG_WARN_DIRECT_OBJC_ISA_USAGE = YES_ERROR;
				CLANG_WARN_DOCUMENTATION_COMMENTS = YES;
				CLANG_WARN_EMPTY_BODY = YES;
				CLANG_WARN_ENUM_CONVERSION = YES;
				CLANG_WARN_INFINITE_RECURSION = YES;
				CLANG_WARN_INT_CONVERSION = YES;
				CLANG_WARN_NON_LITERAL_NULL_CONVERSION = YES;
				CLANG_WARN_OBJC_IMPLICIT_RETAIN_SELF = YES;
				CLANG_WARN_OBJC_LITERAL_CONVERSION = YES;
				CLANG_WARN_OBJC_ROOT_CLASS = YES_ERROR;
				CLANG_WARN_RANGE_LOOP_ANALYSIS = YES;
				CLANG_WARN_STRICT_PROTOTYPES = YES;
				CLANG_WARN_SUSPICIOUS_MOVE = YES;
				CLANG_WARN_UNGUARDED_AVAILABILITY = YES_AGGRESSIVE;
				CLANG_WARN_UNREACHABLE_CODE = YES;
				CLANG_WARN__DUPLICATE_METHOD_MATCH = YES;
				COPY_PHASE_STRIP = NO;
				DEBUG_INFORMATION_FORMAT = "dwarf-with-dsym";
				ENABLE_NS_ASSERTIONS = NO;
				ENABLE_STRICT_OBJC_MSGSEND = YES;
				GCC_C_LANGUAGE_STANDARD = gnu11;
				GCC_NO_COMMON_BLOCKS = YES;
				GCC_WARN_64_TO_32_BIT_CONVERSION = YES;
				GCC_WARN_ABOUT_RETURN_TYPE = YES_ERROR;
				GCC_WARN_UNDECLARED_SELECTOR = YES;
				GCC_WARN_UNINITIALIZED_AUTOS = YES_AGGRESSIVE;
				GCC_WARN_UNUSED_FUNCTION = YES;
				GCC_WARN_UNUSED_VARIABLE = YES;
				IPHONEOS_DEPLOYMENT_TARGET = 13.0;
				MTL_ENABLE_DEBUG_INFO = NO;
				MTL_FAST_MATH = YES;
				SDKROOT = iphoneos;
				SWIFT_COMPILATION_MODE = wholemodule;
				SWIFT_OPTIMIZATION_LEVEL = "-O";
				VALIDATE_PRODUCT = YES;
			};
			name = Release;
		};
		81B1B73F23827C7400DC8BDB /* Debug */ = {
			isa = XCBuildConfiguration;
			buildSettings = {
				ASSETCATALOG_COMPILER_APPICON_NAME = AppIcon;
				CODE_SIGN_IDENTITY = "Apple Development";
				CODE_SIGN_STYLE = Automatic;
				DEVELOPMENT_TEAM = "";
				INFOPLIST_FILE = VideoStreaming/Info.plist;
				LD_RUNPATH_SEARCH_PATHS = (
					"$(inherited)",
					"@executable_path/Frameworks",
				);
				PRODUCT_BUNDLE_IDENTIFIER = "RC-iOS-Agile.VideoStreaming";
				PRODUCT_NAME = "$(TARGET_NAME)";
				PROVISIONING_PROFILE_SPECIFIER = "";
				SWIFT_VERSION = 5.0;
				TARGETED_DEVICE_FAMILY = "1,2";
			};
			name = Debug;
		};
		81B1B74023827C7400DC8BDB /* Release */ = {
			isa = XCBuildConfiguration;
			buildSettings = {
				ASSETCATALOG_COMPILER_APPICON_NAME = AppIcon;
				CODE_SIGN_IDENTITY = "Apple Development";
				CODE_SIGN_STYLE = Automatic;
				DEVELOPMENT_TEAM = "";
				INFOPLIST_FILE = VideoStreaming/Info.plist;
				LD_RUNPATH_SEARCH_PATHS = (
					"$(inherited)",
					"@executable_path/Frameworks",
				);
				PRODUCT_BUNDLE_IDENTIFIER = "RC-iOS-Agile.VideoStreaming";
				PRODUCT_NAME = "$(TARGET_NAME)";
				PROVISIONING_PROFILE_SPECIFIER = "";
				SWIFT_VERSION = 5.0;
				TARGETED_DEVICE_FAMILY = "1,2";
			};
			name = Release;
		};
		81B1B74223827C7400DC8BDB /* Debug */ = {
			isa = XCBuildConfiguration;
			buildSettings = {
				ALWAYS_EMBED_SWIFT_STANDARD_LIBRARIES = YES;
				BUNDLE_LOADER = "$(TEST_HOST)";
				CODE_SIGN_STYLE = Automatic;
				INFOPLIST_FILE = VideoStreamingTests/Info.plist;
				IPHONEOS_DEPLOYMENT_TARGET = 13.0;
				LD_RUNPATH_SEARCH_PATHS = (
					"$(inherited)",
					"@executable_path/Frameworks",
					"@loader_path/Frameworks",
				);
				PRODUCT_BUNDLE_IDENTIFIER = "RC-iOS-Agile.VideoStreamingTests";
				PRODUCT_NAME = "$(TARGET_NAME)";
				SWIFT_VERSION = 5.0;
				TARGETED_DEVICE_FAMILY = "1,2";
				TEST_HOST = "$(BUILT_PRODUCTS_DIR)/VideoStreaming.app/VideoStreaming";
			};
			name = Debug;
		};
		81B1B74323827C7400DC8BDB /* Release */ = {
			isa = XCBuildConfiguration;
			buildSettings = {
				ALWAYS_EMBED_SWIFT_STANDARD_LIBRARIES = YES;
				BUNDLE_LOADER = "$(TEST_HOST)";
				CODE_SIGN_STYLE = Automatic;
				INFOPLIST_FILE = VideoStreamingTests/Info.plist;
				IPHONEOS_DEPLOYMENT_TARGET = 13.0;
				LD_RUNPATH_SEARCH_PATHS = (
					"$(inherited)",
					"@executable_path/Frameworks",
					"@loader_path/Frameworks",
				);
				PRODUCT_BUNDLE_IDENTIFIER = "RC-iOS-Agile.VideoStreamingTests";
				PRODUCT_NAME = "$(TARGET_NAME)";
				SWIFT_VERSION = 5.0;
				TARGETED_DEVICE_FAMILY = "1,2";
				TEST_HOST = "$(BUILT_PRODUCTS_DIR)/VideoStreaming.app/VideoStreaming";
			};
			name = Release;
		};
/* End XCBuildConfiguration section */

/* Begin XCConfigurationList section */
		81B1B71A23827C7100DC8BDB /* Build configuration list for PBXProject "VideoStreaming" */ = {
			isa = XCConfigurationList;
			buildConfigurations = (
				81B1B73C23827C7400DC8BDB /* Debug */,
				81B1B73D23827C7400DC8BDB /* Release */,
			);
			defaultConfigurationIsVisible = 0;
			defaultConfigurationName = Release;
		};
		81B1B73E23827C7400DC8BDB /* Build configuration list for PBXNativeTarget "VideoStreaming" */ = {
			isa = XCConfigurationList;
			buildConfigurations = (
				81B1B73F23827C7400DC8BDB /* Debug */,
				81B1B74023827C7400DC8BDB /* Release */,
			);
			defaultConfigurationIsVisible = 0;
			defaultConfigurationName = Release;
		};
		81B1B74123827C7400DC8BDB /* Build configuration list for PBXNativeTarget "VideoStreamingTests" */ = {
			isa = XCConfigurationList;
			buildConfigurations = (
				81B1B74223827C7400DC8BDB /* Debug */,
				81B1B74323827C7400DC8BDB /* Release */,
			);
			defaultConfigurationIsVisible = 0;
			defaultConfigurationName = Release;
		};
/* End XCConfigurationList section */
	};
	rootObject = 81B1B71723827C7100DC8BDB /* Project object */;
}
